
Microsoft Visual Studio Solution File, Format Version 12.00
# Visual Studio Version 17
VisualStudioVersion = 17.7.34221.43
MinimumVisualStudioVersion = 10.0.40219.1
Project("{FAE04EC0-301F-11D3-BF4B-00C04F79EFBC}") = "practice 7", "practice 7.csproj", "{F7A0FE8C-E85B-48E1-B55F-7CA719EC8CD1}"
EndProject
Global
	GlobalSection(SolutionConfigurationPlatforms) = preSolution
		Debug|Any CPU = Debug|Any CPU
		Release|Any CPU = Release|Any CPU
	EndGlobalSection
	GlobalSection(ProjectConfigurationPlatforms) = postSolution
		{F7A0FE8C-E85B-48E1-B55F-7CA719EC8CD1}.Debug|Any CPU.ActiveCfg = Debug|Any CPU
		{F7A0FE8C-E85B-48E1-B55F-7CA719EC8CD1}.Debug|Any CPU.Build.0 = Debug|Any CPU
		{F7A0FE8C-E85B-48E1-B55F-7CA719EC8CD1}.Release|Any CPU.ActiveCfg = Release|Any CPU
		{F7A0FE8C-E85B-48E1-B55F-7CA719EC8CD1}.Release|Any CPU.Build.0 = Release|Any CPU
	EndGlobalSection
	GlobalSection(SolutionProperties) = preSolution
		HideSolutionNode = FALSE
	EndGlobalSection
	GlobalSection(ExtensibilityGlobals) = postSolution
		SolutionGuid = {894BD66E-4D82-4388-B8F0-C490F9BAF591}
	EndGlobalSection
EndGlobal
