
Microsoft Visual Studio Solution File, Format Version 12.00
# Visual Studio Version 17
VisualStudioVersion = 17.7.34202.233
MinimumVisualStudioVersion = 10.0.40219.1
Project("{FAE04EC0-301F-11D3-BF4B-00C04F79EFBC}") = "Practice9", "Practice9.csproj", "{D7499781-DF30-4B80-9062-9237B172D07F}"
EndProject
Global
	GlobalSection(SolutionConfigurationPlatforms) = preSolution
		Debug|Any CPU = Debug|Any CPU
		Release|Any CPU = Release|Any CPU
	EndGlobalSection
	GlobalSection(ProjectConfigurationPlatforms) = postSolution
		{D7499781-DF30-4B80-9062-9237B172D07F}.Debug|Any CPU.ActiveCfg = Debug|Any CPU
		{D7499781-DF30-4B80-9062-9237B172D07F}.Debug|Any CPU.Build.0 = Debug|Any CPU
		{D7499781-DF30-4B80-9062-9237B172D07F}.Release|Any CPU.ActiveCfg = Release|Any CPU
		{D7499781-DF30-4B80-9062-9237B172D07F}.Release|Any CPU.Build.0 = Release|Any CPU
	EndGlobalSection
	GlobalSection(SolutionProperties) = preSolution
		HideSolutionNode = FALSE
	EndGlobalSection
	GlobalSection(ExtensibilityGlobals) = postSolution
		SolutionGuid = {DA000C08-569F-40F2-890F-3E0757F996F3}
	EndGlobalSection
EndGlobal
